// !$*UTF8*$!
{
	archiveVersion = 1;
	classes = {
	};
	objectVersion = 46;
	objects = {

/* Begin PBXBuildFile section */
		622BFDDC1863B16300746FB7 /* Foundation.framework in Frameworks */ = {isa = PBXBuildFile; fileRef = 622BFDDB1863B16300746FB7 /* Foundation.framework */; };
		622BFDDE1863B16300746FB7 /* CoreGraphics.framework in Frameworks */ = {isa = PBXBuildFile; fileRef = 622BFDDD1863B16300746FB7 /* CoreGraphics.framework */; };
		622BFDE01863B16300746FB7 /* UIKit.framework in Frameworks */ = {isa = PBXBuildFile; fileRef = 622BFDDF1863B16300746FB7 /* UIKit.framework */; };
		622BFDE61863B16300746FB7 /* InfoPlist.strings in Resources */ = {isa = PBXBuildFile; fileRef = 622BFDE41863B16300746FB7 /* InfoPlist.strings */; };
		622BFDE81863B16300746FB7 /* main.m in Sources */ = {isa = PBXBuildFile; fileRef = 622BFDE71863B16300746FB7 /* main.m */; };
		622BFDEC1863B16300746FB7 /* JCAppDelegate.m in Sources */ = {isa = PBXBuildFile; fileRef = 622BFDEB1863B16300746FB7 /* JCAppDelegate.m */; };
		622BFDEF1863B16300746FB7 /* Main.storyboard in Resources */ = {isa = PBXBuildFile; fileRef = 622BFDED1863B16300746FB7 /* Main.storyboard */; };
		622BFDF51863B16300746FB7 /* JCSecondViewController.m in Sources */ = {isa = PBXBuildFile; fileRef = 622BFDF41863B16300746FB7 /* JCSecondViewController.m */; };
		622BFDF71863B16300746FB7 /* Images.xcassets in Resources */ = {isa = PBXBuildFile; fileRef = 622BFDF61863B16300746FB7 /* Images.xcassets */; };
		622BFDFE1863B16300746FB7 /* XCTest.framework in Frameworks */ = {isa = PBXBuildFile; fileRef = 622BFDFD1863B16300746FB7 /* XCTest.framework */; };
		622BFDFF1863B16300746FB7 /* Foundation.framework in Frameworks */ = {isa = PBXBuildFile; fileRef = 622BFDDB1863B16300746FB7 /* Foundation.framework */; };
		622BFE001863B16300746FB7 /* UIKit.framework in Frameworks */ = {isa = PBXBuildFile; fileRef = 622BFDDF1863B16300746FB7 /* UIKit.framework */; };
		622BFE081863B16300746FB7 /* InfoPlist.strings in Resources */ = {isa = PBXBuildFile; fileRef = 622BFE061863B16300746FB7 /* InfoPlist.strings */; };
		622BFE0A1863B16300746FB7 /* BlipHomeworkTests.m in Sources */ = {isa = PBXBuildFile; fileRef = 622BFE091863B16300746FB7 /* BlipHomeworkTests.m */; };
		622BFE181863B1FD00746FB7 /* JCGetNewsViewController.m in Sources */ = {isa = PBXBuildFile; fileRef = 622BFE171863B1FD00746FB7 /* JCGetNewsViewController.m */; };
		622BFE201863B32B00746FB7 /* RXMLElement.m in Sources */ = {isa = PBXBuildFile; fileRef = 622BFE1F1863B32B00746FB7 /* RXMLElement.m */; };
		622BFE221863B9CD00746FB7 /* libz.dylib in Frameworks */ = {isa = PBXBuildFile; fileRef = 622BFE211863B9CD00746FB7 /* libz.dylib */; };
		622BFE241863B9D700746FB7 /* libxml2.dylib in Frameworks */ = {isa = PBXBuildFile; fileRef = 622BFE231863B9D700746FB7 /* libxml2.dylib */; };
		622BFE2A1863BCE100746FB7 /* betfair.xml in Resources */ = {isa = PBXBuildFile; fileRef = 622BFE291863BCE100746FB7 /* betfair.xml */; };
		622BFE301863C69100746FB7 /* JCAllNewsViewController.m in Sources */ = {isa = PBXBuildFile; fileRef = 622BFE2F1863C69100746FB7 /* JCAllNewsViewController.m */; };
		622BFE361863CB1E00746FB7 /* JCDownloadManager.m in Sources */ = {isa = PBXBuildFile; fileRef = 622BFE351863CB1E00746FB7 /* JCDownloadManager.m */; };
		622BFE391863D04B00746FB7 /* JCNewsItem.m in Sources */ = {isa = PBXBuildFile; fileRef = 622BFE381863D04B00746FB7 /* JCNewsItem.m */; };
/* End PBXBuildFile section */

/* Begin PBXContainerItemProxy section */
		622BFE011863B16300746FB7 /* PBXContainerItemProxy */ = {
			isa = PBXContainerItemProxy;
			containerPortal = 622BFDD01863B16300746FB7 /* Project object */;
			proxyType = 1;
			remoteGlobalIDString = 622BFDD71863B16300746FB7;
			remoteInfo = BlipHomework;
		};
/* End PBXContainerItemProxy section */

/* Begin PBXFileReference section */
		622BFDD81863B16300746FB7 /* BlipHomework.app */ = {isa = PBXFileReference; explicitFileType = wrapper.application; includeInIndex = 0; path = BlipHomework.app; sourceTree = BUILT_PRODUCTS_DIR; };
		622BFDDB1863B16300746FB7 /* Foundation.framework */ = {isa = PBXFileReference; lastKnownFileType = wrapper.framework; name = Foundation.framework; path = System/Library/Frameworks/Foundation.framework; sourceTree = SDKROOT; };
		622BFDDD1863B16300746FB7 /* CoreGraphics.framework */ = {isa = PBXFileReference; lastKnownFileType = wrapper.framework; name = CoreGraphics.framework; path = System/Library/Frameworks/CoreGraphics.framework; sourceTree = SDKROOT; };
		622BFDDF1863B16300746FB7 /* UIKit.framework */ = {isa = PBXFileReference; lastKnownFileType = wrapper.framework; name = UIKit.framework; path = System/Library/Frameworks/UIKit.framework; sourceTree = SDKROOT; };
		622BFDE31863B16300746FB7 /* BlipHomework-Info.plist */ = {isa = PBXFileReference; lastKnownFileType = text.plist.xml; path = "BlipHomework-Info.plist"; sourceTree = "<group>"; };
		622BFDE51863B16300746FB7 /* en */ = {isa = PBXFileReference; lastKnownFileType = text.plist.strings; name = en; path = en.lproj/InfoPlist.strings; sourceTree = "<group>"; };
		622BFDE71863B16300746FB7 /* main.m */ = {isa = PBXFileReference; lastKnownFileType = sourcecode.c.objc; path = main.m; sourceTree = "<group>"; };
		622BFDE91863B16300746FB7 /* BlipHomework-Prefix.pch */ = {isa = PBXFileReference; lastKnownFileType = sourcecode.c.h; path = "BlipHomework-Prefix.pch"; sourceTree = "<group>"; };
		622BFDEA1863B16300746FB7 /* JCAppDelegate.h */ = {isa = PBXFileReference; lastKnownFileType = sourcecode.c.h; path = JCAppDelegate.h; sourceTree = "<group>"; };
		622BFDEB1863B16300746FB7 /* JCAppDelegate.m */ = {isa = PBXFileReference; lastKnownFileType = sourcecode.c.objc; path = JCAppDelegate.m; sourceTree = "<group>"; };
		622BFDF31863B16300746FB7 /* JCSecondViewController.h */ = {isa = PBXFileReference; lastKnownFileType = sourcecode.c.h; path = JCSecondViewController.h; sourceTree = "<group>"; };
		622BFDF41863B16300746FB7 /* JCSecondViewController.m */ = {isa = PBXFileReference; lastKnownFileType = sourcecode.c.objc; path = JCSecondViewController.m; sourceTree = "<group>"; };
		622BFDF61863B16300746FB7 /* Images.xcassets */ = {isa = PBXFileReference; lastKnownFileType = folder.assetcatalog; path = Images.xcassets; sourceTree = "<group>"; };
		622BFDFC1863B16300746FB7 /* BlipHomeworkTests.xctest */ = {isa = PBXFileReference; explicitFileType = wrapper.cfbundle; includeInIndex = 0; path = BlipHomeworkTests.xctest; sourceTree = BUILT_PRODUCTS_DIR; };
		622BFDFD1863B16300746FB7 /* XCTest.framework */ = {isa = PBXFileReference; lastKnownFileType = wrapper.framework; name = XCTest.framework; path = Library/Frameworks/XCTest.framework; sourceTree = DEVELOPER_DIR; };
		622BFE051863B16300746FB7 /* BlipHomeworkTests-Info.plist */ = {isa = PBXFileReference; lastKnownFileType = text.plist.xml; path = "BlipHomeworkTests-Info.plist"; sourceTree = "<group>"; };
		622BFE071863B16300746FB7 /* en */ = {isa = PBXFileReference; lastKnownFileType = text.plist.strings; name = en; path = en.lproj/InfoPlist.strings; sourceTree = "<group>"; };
		622BFE091863B16300746FB7 /* BlipHomeworkTests.m */ = {isa = PBXFileReference; lastKnownFileType = sourcecode.c.objc; path = BlipHomeworkTests.m; sourceTree = "<group>"; };
		622BFE161863B1FD00746FB7 /* JCGetNewsViewController.h */ = {isa = PBXFileReference; fileEncoding = 4; lastKnownFileType = sourcecode.c.h; path = JCGetNewsViewController.h; sourceTree = "<group>"; };
		622BFE171863B1FD00746FB7 /* JCGetNewsViewController.m */ = {isa = PBXFileReference; fileEncoding = 4; lastKnownFileType = sourcecode.c.objc; path = JCGetNewsViewController.m; sourceTree = "<group>"; };
		622BFE1E1863B32B00746FB7 /* RXMLElement.h */ = {isa = PBXFileReference; fileEncoding = 4; lastKnownFileType = sourcecode.c.h; path = RXMLElement.h; sourceTree = "<group>"; };
		622BFE1F1863B32B00746FB7 /* RXMLElement.m */ = {isa = PBXFileReference; fileEncoding = 4; lastKnownFileType = sourcecode.c.objc; path = RXMLElement.m; sourceTree = "<group>"; };
		622BFE211863B9CD00746FB7 /* libz.dylib */ = {isa = PBXFileReference; lastKnownFileType = "compiled.mach-o.dylib"; name = libz.dylib; path = usr/lib/libz.dylib; sourceTree = SDKROOT; };
		622BFE231863B9D700746FB7 /* libxml2.dylib */ = {isa = PBXFileReference; lastKnownFileType = "compiled.mach-o.dylib"; name = libxml2.dylib; path = usr/lib/libxml2.dylib; sourceTree = SDKROOT; };
		622BFE251863BB2000746FB7 /* en */ = {isa = PBXFileReference; lastKnownFileType = file.storyboard; name = en; path = en.lproj/Main.storyboard; sourceTree = "<group>"; };
		622BFE291863BCE100746FB7 /* betfair.xml */ = {isa = PBXFileReference; fileEncoding = 4; lastKnownFileType = text.xml; path = betfair.xml; sourceTree = "<group>"; };
		622BFE2E1863C69100746FB7 /* JCAllNewsViewController.h */ = {isa = PBXFileReference; fileEncoding = 4; lastKnownFileType = sourcecode.c.h; path = JCAllNewsViewController.h; sourceTree = "<group>"; };
		622BFE2F1863C69100746FB7 /* JCAllNewsViewController.m */ = {isa = PBXFileReference; fileEncoding = 4; lastKnownFileType = sourcecode.c.objc; path = JCAllNewsViewController.m; sourceTree = "<group>"; };
		622BFE341863CB1E00746FB7 /* JCDownloadManager.h */ = {isa = PBXFileReference; fileEncoding = 4; lastKnownFileType = sourcecode.c.h; path = JCDownloadManager.h; sourceTree = "<group>"; };
		622BFE351863CB1E00746FB7 /* JCDownloadManager.m */ = {isa = PBXFileReference; fileEncoding = 4; lastKnownFileType = sourcecode.c.objc; path = JCDownloadManager.m; sourceTree = "<group>"; };
		622BFE371863D04B00746FB7 /* JCNewsItem.h */ = {isa = PBXFileReference; fileEncoding = 4; lastKnownFileType = sourcecode.c.h; path = JCNewsItem.h; sourceTree = "<group>"; };
		622BFE381863D04B00746FB7 /* JCNewsItem.m */ = {isa = PBXFileReference; fileEncoding = 4; lastKnownFileType = sourcecode.c.objc; path = JCNewsItem.m; sourceTree = "<group>"; };
/* End PBXFileReference section */

/* Begin PBXFrameworksBuildPhase section */
		622BFDD51863B16300746FB7 /* Frameworks */ = {
			isa = PBXFrameworksBuildPhase;
			buildActionMask = 2147483647;
			files = (
				622BFE241863B9D700746FB7 /* libxml2.dylib in Frameworks */,
				622BFE221863B9CD00746FB7 /* libz.dylib in Frameworks */,
				622BFDDE1863B16300746FB7 /* CoreGraphics.framework in Frameworks */,
				622BFDE01863B16300746FB7 /* UIKit.framework in Frameworks */,
				622BFDDC1863B16300746FB7 /* Foundation.framework in Frameworks */,
			);
			runOnlyForDeploymentPostprocessing = 0;
		};
		622BFDF91863B16300746FB7 /* Frameworks */ = {
			isa = PBXFrameworksBuildPhase;
			buildActionMask = 2147483647;
			files = (
				622BFDFE1863B16300746FB7 /* XCTest.framework in Frameworks */,
				622BFE001863B16300746FB7 /* UIKit.framework in Frameworks */,
				622BFDFF1863B16300746FB7 /* Foundation.framework in Frameworks */,
			);
			runOnlyForDeploymentPostprocessing = 0;
		};
/* End PBXFrameworksBuildPhase section */

/* Begin PBXGroup section */
		622BFDCF1863B16300746FB7 = {
			isa = PBXGroup;
			children = (
				622BFDE11863B16300746FB7 /* BlipHomework */,
				622BFE031863B16300746FB7 /* BlipHomeworkTests */,
				622BFDDA1863B16300746FB7 /* Frameworks */,
				622BFDD91863B16300746FB7 /* Products */,
			);
			sourceTree = "<group>";
		};
		622BFDD91863B16300746FB7 /* Products */ = {
			isa = PBXGroup;
			children = (
				622BFDD81863B16300746FB7 /* BlipHomework.app */,
				622BFDFC1863B16300746FB7 /* BlipHomeworkTests.xctest */,
			);
			name = Products;
			sourceTree = "<group>";
		};
		622BFDDA1863B16300746FB7 /* Frameworks */ = {
			isa = PBXGroup;
			children = (
				622BFE231863B9D700746FB7 /* libxml2.dylib */,
				622BFE211863B9CD00746FB7 /* libz.dylib */,
				622BFDDB1863B16300746FB7 /* Foundation.framework */,
				622BFDDD1863B16300746FB7 /* CoreGraphics.framework */,
				622BFDDF1863B16300746FB7 /* UIKit.framework */,
				622BFDFD1863B16300746FB7 /* XCTest.framework */,
			);
			name = Frameworks;
			sourceTree = "<group>";
		};
		622BFDE11863B16300746FB7 /* BlipHomework */ = {
			isa = PBXGroup;
			children = (
				622BFE1B1863B23C00746FB7 /* Model */,
				622BFE1A1863B23400746FB7 /* View */,
				622BFE191863B22A00746FB7 /* Controller */,
				622BFDF61863B16300746FB7 /* Images.xcassets */,
				622BFDE21863B16300746FB7 /* Supporting Files */,
			);
			path = BlipHomework;
			sourceTree = "<group>";
		};
		622BFDE21863B16300746FB7 /* Supporting Files */ = {
			isa = PBXGroup;
			children = (
				622BFE261863BC0600746FB7 /* Bootstrap */,
				622BFE1C1863B30D00746FB7 /* External */,
				622BFDEA1863B16300746FB7 /* JCAppDelegate.h */,
				622BFDEB1863B16300746FB7 /* JCAppDelegate.m */,
				622BFDE31863B16300746FB7 /* BlipHomework-Info.plist */,
				622BFDE41863B16300746FB7 /* InfoPlist.strings */,
				622BFDE71863B16300746FB7 /* main.m */,
				622BFDE91863B16300746FB7 /* BlipHomework-Prefix.pch */,
			);
			name = "Supporting Files";
			sourceTree = "<group>";
		};
		622BFE031863B16300746FB7 /* BlipHomeworkTests */ = {
			isa = PBXGroup;
			children = (
				622BFE091863B16300746FB7 /* BlipHomeworkTests.m */,
				622BFE041863B16300746FB7 /* Supporting Files */,
			);
			path = BlipHomeworkTests;
			sourceTree = "<group>";
		};
		622BFE041863B16300746FB7 /* Supporting Files */ = {
			isa = PBXGroup;
			children = (
				622BFE051863B16300746FB7 /* BlipHomeworkTests-Info.plist */,
				622BFE061863B16300746FB7 /* InfoPlist.strings */,
			);
			name = "Supporting Files";
			sourceTree = "<group>";
		};
		622BFE191863B22A00746FB7 /* Controller */ = {
			isa = PBXGroup;
			children = (
				622BFDF31863B16300746FB7 /* JCSecondViewController.h */,
				622BFDF41863B16300746FB7 /* JCSecondViewController.m */,
				622BFE161863B1FD00746FB7 /* JCGetNewsViewController.h */,
				622BFE171863B1FD00746FB7 /* JCGetNewsViewController.m */,
				622BFE2E1863C69100746FB7 /* JCAllNewsViewController.h */,
				622BFE2F1863C69100746FB7 /* JCAllNewsViewController.m */,
			);
			name = Controller;
			sourceTree = "<group>";
		};
		622BFE1A1863B23400746FB7 /* View */ = {
			isa = PBXGroup;
			children = (
				622BFDED1863B16300746FB7 /* Main.storyboard */,
			);
			name = View;
			sourceTree = "<group>";
		};
		622BFE1B1863B23C00746FB7 /* Model */ = {
			isa = PBXGroup;
			children = (
				622BFE341863CB1E00746FB7 /* JCDownloadManager.h */,
				622BFE351863CB1E00746FB7 /* JCDownloadManager.m */,
				622BFE371863D04B00746FB7 /* JCNewsItem.h */,
				622BFE381863D04B00746FB7 /* JCNewsItem.m */,
			);
			name = Model;
			sourceTree = "<group>";
		};
		622BFE1C1863B30D00746FB7 /* External */ = {
			isa = PBXGroup;
			children = (
				622BFE1D1863B32B00746FB7 /* RaptureXML */,
			);
			name = External;
			sourceTree = "<group>";
		};
		622BFE1D1863B32B00746FB7 /* RaptureXML */ = {
			isa = PBXGroup;
			children = (
				622BFE1E1863B32B00746FB7 /* RXMLElement.h */,
				622BFE1F1863B32B00746FB7 /* RXMLElement.m */,
			);
			path = RaptureXML;
			sourceTree = "<group>";
		};
		622BFE261863BC0600746FB7 /* Bootstrap */ = {
			isa = PBXGroup;
			children = (
				622BFE291863BCE100746FB7 /* betfair.xml */,
			);
			name = Bootstrap;
			sourceTree = "<group>";
		};
/* End PBXGroup section */

/* Begin PBXNativeTarget section */
		622BFDD71863B16300746FB7 /* BlipHomework */ = {
			isa = PBXNativeTarget;
			buildConfigurationList = 622BFE0D1863B16300746FB7 /* Build configuration list for PBXNativeTarget "BlipHomework" */;
			buildPhases = (
				622BFDD41863B16300746FB7 /* Sources */,
				622BFDD51863B16300746FB7 /* Frameworks */,
				622BFDD61863B16300746FB7 /* Resources */,
			);
			buildRules = (
			);
			dependencies = (
			);
			name = BlipHomework;
			productName = BlipHomework;
			productReference = 622BFDD81863B16300746FB7 /* BlipHomework.app */;
			productType = "com.apple.product-type.application";
		};
		622BFDFB1863B16300746FB7 /* BlipHomeworkTests */ = {
			isa = PBXNativeTarget;
			buildConfigurationList = 622BFE101863B16300746FB7 /* Build configuration list for PBXNativeTarget "BlipHomeworkTests" */;
			buildPhases = (
				622BFDF81863B16300746FB7 /* Sources */,
				622BFDF91863B16300746FB7 /* Frameworks */,
				622BFDFA1863B16300746FB7 /* Resources */,
			);
			buildRules = (
			);
			dependencies = (
				622BFE021863B16300746FB7 /* PBXTargetDependency */,
			);
			name = BlipHomeworkTests;
			productName = BlipHomeworkTests;
			productReference = 622BFDFC1863B16300746FB7 /* BlipHomeworkTests.xctest */;
			productType = "com.apple.product-type.bundle.unit-test";
		};
/* End PBXNativeTarget section */

/* Begin PBXProject section */
		622BFDD01863B16300746FB7 /* Project object */ = {
			isa = PBXProject;
			attributes = {
				CLASSPREFIX = JC;
				LastUpgradeCheck = 0500;
				ORGANIZATIONNAME = "João Carreira";
				TargetAttributes = {
					622BFDFB1863B16300746FB7 = {
						TestTargetID = 622BFDD71863B16300746FB7;
					};
				};
			};
			buildConfigurationList = 622BFDD31863B16300746FB7 /* Build configuration list for PBXProject "BlipHomework" */;
			compatibilityVersion = "Xcode 3.2";
			developmentRegion = English;
			hasScannedForEncodings = 0;
			knownRegions = (
				en,
				Base,
			);
			mainGroup = 622BFDCF1863B16300746FB7;
			productRefGroup = 622BFDD91863B16300746FB7 /* Products */;
			projectDirPath = "";
			projectRoot = "";
			targets = (
				622BFDD71863B16300746FB7 /* BlipHomework */,
				622BFDFB1863B16300746FB7 /* BlipHomeworkTests */,
			);
		};
/* End PBXProject section */

/* Begin PBXResourcesBuildPhase section */
		622BFDD61863B16300746FB7 /* Resources */ = {
			isa = PBXResourcesBuildPhase;
			buildActionMask = 2147483647;
			files = (
				622BFDF71863B16300746FB7 /* Images.xcassets in Resources */,
				622BFDE61863B16300746FB7 /* InfoPlist.strings in Resources */,
				622BFDEF1863B16300746FB7 /* Main.storyboard in Resources */,
				622BFE2A1863BCE100746FB7 /* betfair.xml in Resources */,
			);
			runOnlyForDeploymentPostprocessing = 0;
		};
		622BFDFA1863B16300746FB7 /* Resources */ = {
			isa = PBXResourcesBuildPhase;
			buildActionMask = 2147483647;
			files = (
				622BFE081863B16300746FB7 /* InfoPlist.strings in Resources */,
			);
			runOnlyForDeploymentPostprocessing = 0;
		};
/* End PBXResourcesBuildPhase section */

/* Begin PBXSourcesBuildPhase section */
		622BFDD41863B16300746FB7 /* Sources */ = {
			isa = PBXSourcesBuildPhase;
			buildActionMask = 2147483647;
			files = (
				622BFE391863D04B00746FB7 /* JCNewsItem.m in Sources */,
				622BFE301863C69100746FB7 /* JCAllNewsViewController.m in Sources */,
				622BFDE81863B16300746FB7 /* main.m in Sources */,
				622BFE361863CB1E00746FB7 /* JCDownloadManager.m in Sources */,
				622BFE181863B1FD00746FB7 /* JCGetNewsViewController.m in Sources */,
				622BFDEC1863B16300746FB7 /* JCAppDelegate.m in Sources */,
				622BFE201863B32B00746FB7 /* RXMLElement.m in Sources */,
				622BFDF51863B16300746FB7 /* JCSecondViewController.m in Sources */,
			);
			runOnlyForDeploymentPostprocessing = 0;
		};
		622BFDF81863B16300746FB7 /* Sources */ = {
			isa = PBXSourcesBuildPhase;
			buildActionMask = 2147483647;
			files = (
				622BFE0A1863B16300746FB7 /* BlipHomeworkTests.m in Sources */,
			);
			runOnlyForDeploymentPostprocessing = 0;
		};
/* End PBXSourcesBuildPhase section */

/* Begin PBXTargetDependency section */
		622BFE021863B16300746FB7 /* PBXTargetDependency */ = {
			isa = PBXTargetDependency;
			target = 622BFDD71863B16300746FB7 /* BlipHomework */;
			targetProxy = 622BFE011863B16300746FB7 /* PBXContainerItemProxy */;
		};
/* End PBXTargetDependency section */

/* Begin PBXVariantGroup section */
		622BFDE41863B16300746FB7 /* InfoPlist.strings */ = {
			isa = PBXVariantGroup;
			children = (
				622BFDE51863B16300746FB7 /* en */,
			);
			name = InfoPlist.strings;
			sourceTree = "<group>";
		};
		622BFDED1863B16300746FB7 /* Main.storyboard */ = {
			isa = PBXVariantGroup;
			children = (
				622BFE251863BB2000746FB7 /* en */,
			);
			name = Main.storyboard;
			sourceTree = "<group>";
		};
		622BFE061863B16300746FB7 /* InfoPlist.strings */ = {
			isa = PBXVariantGroup;
			children = (
				622BFE071863B16300746FB7 /* en */,
			);
			name = InfoPlist.strings;
			sourceTree = "<group>";
		};
/* End PBXVariantGroup section */

/* Begin XCBuildConfiguration section */
		622BFE0B1863B16300746FB7 /* Debug */ = {
			isa = XCBuildConfiguration;
			buildSettings = {
				ALWAYS_SEARCH_USER_PATHS = NO;
				ARCHS = "$(ARCHS_STANDARD_INCLUDING_64_BIT)";
				CLANG_CXX_LANGUAGE_STANDARD = "gnu++0x";
				CLANG_CXX_LIBRARY = "libc++";
				CLANG_ENABLE_MODULES = YES;
				CLANG_ENABLE_OBJC_ARC = YES;
				CLANG_WARN_BOOL_CONVERSION = YES;
				CLANG_WARN_CONSTANT_CONVERSION = YES;
				CLANG_WARN_DIRECT_OBJC_ISA_USAGE = YES_ERROR;
				CLANG_WARN_EMPTY_BODY = YES;
				CLANG_WARN_ENUM_CONVERSION = YES;
				CLANG_WARN_INT_CONVERSION = YES;
				CLANG_WARN_OBJC_ROOT_CLASS = YES_ERROR;
				CLANG_WARN__DUPLICATE_METHOD_MATCH = YES;
				"CODE_SIGN_IDENTITY[sdk=iphoneos*]" = "iPhone Developer";
				COPY_PHASE_STRIP = NO;
				GCC_C_LANGUAGE_STANDARD = gnu99;
				GCC_DYNAMIC_NO_PIC = NO;
				GCC_OPTIMIZATION_LEVEL = 0;
				GCC_PREPROCESSOR_DEFINITIONS = (
					"DEBUG=1",
					"$(inherited)",
				);
				GCC_SYMBOLS_PRIVATE_EXTERN = NO;
				GCC_WARN_64_TO_32_BIT_CONVERSION = YES;
				GCC_WARN_ABOUT_RETURN_TYPE = YES_ERROR;
				GCC_WARN_UNDECLARED_SELECTOR = YES;
				GCC_WARN_UNINITIALIZED_AUTOS = YES;
				GCC_WARN_UNUSED_FUNCTION = YES;
				GCC_WARN_UNUSED_VARIABLE = YES;
				IPHONEOS_DEPLOYMENT_TARGET = 7.0;
				ONLY_ACTIVE_ARCH = YES;
				SDKROOT = iphoneos;
			};
			name = Debug;
		};
		622BFE0C1863B16300746FB7 /* Release */ = {
			isa = XCBuildConfiguration;
			buildSettings = {
				ALWAYS_SEARCH_USER_PATHS = NO;
				ARCHS = "$(ARCHS_STANDARD_INCLUDING_64_BIT)";
				CLANG_CXX_LANGUAGE_STANDARD = "gnu++0x";
				CLANG_CXX_LIBRARY = "libc++";
				CLANG_ENABLE_MODULES = YES;
				CLANG_ENABLE_OBJC_ARC = YES;
				CLANG_WARN_BOOL_CONVERSION = YES;
				CLANG_WARN_CONSTANT_CONVERSION = YES;
				CLANG_WARN_DIRECT_OBJC_ISA_USAGE = YES_ERROR;
				CLANG_WARN_EMPTY_BODY = YES;
				CLANG_WARN_ENUM_CONVERSION = YES;
				CLANG_WARN_INT_CONVERSION = YES;
				CLANG_WARN_OBJC_ROOT_CLASS = YES_ERROR;
				CLANG_WARN__DUPLICATE_METHOD_MATCH = YES;
				"CODE_SIGN_IDENTITY[sdk=iphoneos*]" = "iPhone Developer";
				COPY_PHASE_STRIP = YES;
				ENABLE_NS_ASSERTIONS = NO;
				GCC_C_LANGUAGE_STANDARD = gnu99;
				GCC_WARN_64_TO_32_BIT_CONVERSION = YES;
				GCC_WARN_ABOUT_RETURN_TYPE = YES_ERROR;
				GCC_WARN_UNDECLARED_SELECTOR = YES;
				GCC_WARN_UNINITIALIZED_AUTOS = YES;
				GCC_WARN_UNUSED_FUNCTION = YES;
				GCC_WARN_UNUSED_VARIABLE = YES;
				IPHONEOS_DEPLOYMENT_TARGET = 7.0;
				SDKROOT = iphoneos;
				VALIDATE_PRODUCT = YES;
			};
			name = Release;
		};
		622BFE0E1863B16300746FB7 /* Debug */ = {
			isa = XCBuildConfiguration;
			buildSettings = {
				ASSETCATALOG_COMPILER_APPICON_NAME = AppIcon;
				ASSETCATALOG_COMPILER_LAUNCHIMAGE_NAME = LaunchImage;
				GCC_PRECOMPILE_PREFIX_HEADER = YES;
				GCC_PREFIX_HEADER = "BlipHomework/BlipHomework-Prefix.pch";
				"HEADER_SEARCH_PATHS[arch=*]" = (
					"$(inherited)",
					/usr/include/libxml2,
					/Applications/Xcode.app/Contents/Developer/Toolchains/XcodeDefault.xctoolchain/usr/include,
				);
				INFOPLIST_FILE = "BlipHomework/BlipHomework-Info.plist";
				IPHONEOS_DEPLOYMENT_TARGET = 5.0;
				PRODUCT_NAME = "$(TARGET_NAME)";
				WRAPPER_EXTENSION = app;
			};
			name = Debug;
		};
		622BFE0F1863B16300746FB7 /* Release */ = {
			isa = XCBuildConfiguration;
			buildSettings = {
				ASSETCATALOG_COMPILER_APPICON_NAME = AppIcon;
				ASSETCATALOG_COMPILER_LAUNCHIMAGE_NAME = LaunchImage;
				GCC_PRECOMPILE_PREFIX_HEADER = YES;
				GCC_PREFIX_HEADER = "BlipHomework/BlipHomework-Prefix.pch";
				"HEADER_SEARCH_PATHS[arch=*]" = (
					"$(inherited)",
					/Applications/Xcode.app/Contents/Developer/Toolchains/XcodeDefault.xctoolchain/usr/include,
					/usr/include/libmxl2,
				);
				INFOPLIST_FILE = "BlipHomework/BlipHomework-Info.plist";
				IPHONEOS_DEPLOYMENT_TARGET = 5.0;
				PRODUCT_NAME = "$(TARGET_NAME)";
				WRAPPER_EXTENSION = app;
			};
			name = Release;
		};
		622BFE111863B16300746FB7 /* Debug */ = {
			isa = XCBuildConfiguration;
			buildSettings = {
				ARCHS = "$(ARCHS_STANDARD_INCLUDING_64_BIT)";
				BUNDLE_LOADER = "$(BUILT_PRODUCTS_DIR)/BlipHomework.app/BlipHomework";
				FRAMEWORK_SEARCH_PATHS = (
					"$(SDKROOT)/Developer/Library/Frameworks",
					"$(inherited)",
					"$(DEVELOPER_FRAMEWORKS_DIR)",
				);
				GCC_PRECOMPILE_PREFIX_HEADER = YES;
				GCC_PREFIX_HEADER = "BlipHomework/BlipHomework-Prefix.pch";
				GCC_PREPROCESSOR_DEFINITIONS = (
					"DEBUG=1",
					"$(inherited)",
				);
				INFOPLIST_FILE = "BlipHomeworkTests/BlipHomeworkTests-Info.plist";
				PRODUCT_NAME = "$(TARGET_NAME)";
				TEST_HOST = "$(BUNDLE_LOADER)";
				WRAPPER_EXTENSION = xctest;
			};
			name = Debug;
		};
		622BFE121863B16300746FB7 /* Release */ = {
			isa = XCBuildConfiguration;
			buildSettings = {
				ARCHS = "$(ARCHS_STANDARD_INCLUDING_64_BIT)";
				BUNDLE_LOADER = "$(BUILT_PRODUCTS_DIR)/BlipHomework.app/BlipHomework";
				FRAMEWORK_SEARCH_PATHS = (
					"$(SDKROOT)/Developer/Library/Frameworks",
					"$(inherited)",
					"$(DEVELOPER_FRAMEWORKS_DIR)",
				);
				GCC_PRECOMPILE_PREFIX_HEADER = YES;
				GCC_PREFIX_HEADER = "BlipHomework/BlipHomework-Prefix.pch";
				INFOPLIST_FILE = "BlipHomeworkTests/BlipHomeworkTests-Info.plist";
				PRODUCT_NAME = "$(TARGET_NAME)";
				TEST_HOST = "$(BUNDLE_LOADER)";
				WRAPPER_EXTENSION = xctest;
			};
			name = Release;
		};
/* End XCBuildConfiguration section */

/* Begin XCConfigurationList section */
		622BFDD31863B16300746FB7 /* Build configuration list for PBXProject "BlipHomework" */ = {
			isa = XCConfigurationList;
			buildConfigurations = (
				622BFE0B1863B16300746FB7 /* Debug */,
				622BFE0C1863B16300746FB7 /* Release */,
			);
			defaultConfigurationIsVisible = 0;
			defaultConfigurationName = Release;
		};
		622BFE0D1863B16300746FB7 /* Build configuration list for PBXNativeTarget "BlipHomework" */ = {
			isa = XCConfigurationList;
			buildConfigurations = (
				622BFE0E1863B16300746FB7 /* Debug */,
				622BFE0F1863B16300746FB7 /* Release */,
			);
			defaultConfigurationIsVisible = 0;
		};
		622BFE101863B16300746FB7 /* Build configuration list for PBXNativeTarget "BlipHomeworkTests" */ = {
			isa = XCConfigurationList;
			buildConfigurations = (
				622BFE111863B16300746FB7 /* Debug */,
				622BFE121863B16300746FB7 /* Release */,
			);
			defaultConfigurationIsVisible = 0;
		};
/* End XCConfigurationList section */
	};
	rootObject = 622BFDD01863B16300746FB7 /* Project object */;
}
